// !$*UTF8*$!
{
	archiveVersion = 1;
	classes = {
	};
	objectVersion = 46;
	objects = {

/* Begin PBXBuildFile section */
		073317F21AC7719500B3D5C7 /* AppDelegate.swift in Sources */ = {isa = PBXBuildFile; fileRef = 073317F11AC7719500B3D5C7 /* AppDelegate.swift */; };
		073317F41AC7719500B3D5C7 /* RecordSoundViewController.swift in Sources */ = {isa = PBXBuildFile; fileRef = 073317F31AC7719500B3D5C7 /* RecordSoundViewController.swift */; };
		073317F71AC7719500B3D5C7 /* Main.storyboard in Resources */ = {isa = PBXBuildFile; fileRef = 073317F51AC7719500B3D5C7 /* Main.storyboard */; };
		073317F91AC7719500B3D5C7 /* Images.xcassets in Resources */ = {isa = PBXBuildFile; fileRef = 073317F81AC7719500B3D5C7 /* Images.xcassets */; };
		073317FC1AC7719500B3D5C7 /* LaunchScreen.xib in Resources */ = {isa = PBXBuildFile; fileRef = 073317FA1AC7719500B3D5C7 /* LaunchScreen.xib */; };
		073318081AC7719500B3D5C7 /* PerfectPichAppTests.swift in Sources */ = {isa = PBXBuildFile; fileRef = 073318071AC7719500B3D5C7 /* PerfectPichAppTests.swift */; };
		074327191AD1E34B00AF2D54 /* PlaySoundViewController.swift in Sources */ = {isa = PBXBuildFile; fileRef = 074327181AD1E34B00AF2D54 /* PlaySoundViewController.swift */; };
		0743271B1AD1F1B700AF2D54 /* movie_quote.mp3 in Resources */ = {isa = PBXBuildFile; fileRef = 0743271A1AD1F1B700AF2D54 /* movie_quote.mp3 */; };
		0743271F1AD222C100AF2D54 /* FileName.swift in Sources */ = {isa = PBXBuildFile; fileRef = 0743271E1AD222C100AF2D54 /* FileName.swift */; };
		074327211AD22B8900AF2D54 /* chipmunk@2x~iphone.png in Resources */ = {isa = PBXBuildFile; fileRef = 074327201AD22B8900AF2D54 /* chipmunk@2x~iphone.png */; };
/* End PBXBuildFile section */

/* Begin PBXContainerItemProxy section */
		073318021AC7719500B3D5C7 /* PBXContainerItemProxy */ = {
			isa = PBXContainerItemProxy;
			containerPortal = 073317E41AC7719500B3D5C7 /* Project object */;
			proxyType = 1;
			remoteGlobalIDString = 073317EB1AC7719500B3D5C7;
			remoteInfo = PerfectPichApp;
		};
/* End PBXContainerItemProxy section */

/* Begin PBXFileReference section */
		073317EC1AC7719500B3D5C7 /* PerfectPichApp.app */ = {isa = PBXFileReference; explicitFileType = wrapper.application; includeInIndex = 0; path = PerfectPichApp.app; sourceTree = BUILT_PRODUCTS_DIR; };
		073317F01AC7719500B3D5C7 /* Info.plist */ = {isa = PBXFileReference; lastKnownFileType = text.plist.xml; path = Info.plist; sourceTree = "<group>"; };
		073317F11AC7719500B3D5C7 /* AppDelegate.swift */ = {isa = PBXFileReference; lastKnownFileType = sourcecode.swift; path = AppDelegate.swift; sourceTree = "<group>"; };
		073317F31AC7719500B3D5C7 /* RecordSoundViewController.swift */ = {isa = PBXFileReference; lastKnownFileType = sourcecode.swift; path = RecordSoundViewController.swift; sourceTree = "<group>"; };
		073317F61AC7719500B3D5C7 /* Base */ = {isa = PBXFileReference; lastKnownFileType = file.storyboard; name = Base; path = Base.lproj/Main.storyboard; sourceTree = "<group>"; };
		073317F81AC7719500B3D5C7 /* Images.xcassets */ = {isa = PBXFileReference; lastKnownFileType = folder.assetcatalog; path = Images.xcassets; sourceTree = "<group>"; };
		073317FB1AC7719500B3D5C7 /* Base */ = {isa = PBXFileReference; lastKnownFileType = file.xib; name = Base; path = Base.lproj/LaunchScreen.xib; sourceTree = "<group>"; };
		073318011AC7719500B3D5C7 /* PerfectPichAppTests.xctest */ = {isa = PBXFileReference; explicitFileType = wrapper.cfbundle; includeInIndex = 0; path = PerfectPichAppTests.xctest; sourceTree = BUILT_PRODUCTS_DIR; };
		073318061AC7719500B3D5C7 /* Info.plist */ = {isa = PBXFileReference; lastKnownFileType = text.plist.xml; path = Info.plist; sourceTree = "<group>"; };
		073318071AC7719500B3D5C7 /* PerfectPichAppTests.swift */ = {isa = PBXFileReference; lastKnownFileType = sourcecode.swift; path = PerfectPichAppTests.swift; sourceTree = "<group>"; };
		074327181AD1E34B00AF2D54 /* PlaySoundViewController.swift */ = {isa = PBXFileReference; fileEncoding = 4; lastKnownFileType = sourcecode.swift; path = PlaySoundViewController.swift; sourceTree = "<group>"; };
		0743271A1AD1F1B700AF2D54 /* movie_quote.mp3 */ = {isa = PBXFileReference; lastKnownFileType = audio.mp3; path = movie_quote.mp3; sourceTree = "<group>"; };
		0743271E1AD222C100AF2D54 /* FileName.swift */ = {isa = PBXFileReference; fileEncoding = 4; lastKnownFileType = sourcecode.swift; name = FileName.swift; path = ../FileName.swift; sourceTree = "<group>"; };
		074327201AD22B8900AF2D54 /* chipmunk@2x~iphone.png */ = {isa = PBXFileReference; lastKnownFileType = image.png; path = "chipmunk@2x~iphone.png"; sourceTree = "<group>"; };
/* End PBXFileReference section */

/* Begin PBXFrameworksBuildPhase section */
		073317E91AC7719500B3D5C7 /* Frameworks */ = {
			isa = PBXFrameworksBuildPhase;
			buildActionMask = 2147483647;
			files = (
			);
			runOnlyForDeploymentPostprocessing = 0;
		};
		073317FE1AC7719500B3D5C7 /* Frameworks */ = {
			isa = PBXFrameworksBuildPhase;
			buildActionMask = 2147483647;
			files = (
			);
			runOnlyForDeploymentPostprocessing = 0;
		};
/* End PBXFrameworksBuildPhase section */

/* Begin PBXGroup section */
		073317E31AC7719500B3D5C7 = {
			isa = PBXGroup;
			children = (
				073317EE1AC7719500B3D5C7 /* PerfectPichApp */,
				073318041AC7719500B3D5C7 /* PerfectPichAppTests */,
				073317ED1AC7719500B3D5C7 /* Products */,
			);
			sourceTree = "<group>";
		};
		073317ED1AC7719500B3D5C7 /* Products */ = {
			isa = PBXGroup;
			children = (
				073317EC1AC7719500B3D5C7 /* PerfectPichApp.app */,
				073318011AC7719500B3D5C7 /* PerfectPichAppTests.xctest */,
			);
			name = Products;
			sourceTree = "<group>";
		};
		073317EE1AC7719500B3D5C7 /* PerfectPichApp */ = {
			isa = PBXGroup;
			children = (
				0743271E1AD222C100AF2D54 /* FileName.swift */,
				074327201AD22B8900AF2D54 /* chipmunk@2x~iphone.png */,
				073317F11AC7719500B3D5C7 /* AppDelegate.swift */,
				074327181AD1E34B00AF2D54 /* PlaySoundViewController.swift */,
				073317F31AC7719500B3D5C7 /* RecordSoundViewController.swift */,
				073317F51AC7719500B3D5C7 /* Main.storyboard */,
				073317F81AC7719500B3D5C7 /* Images.xcassets */,
				073317FA1AC7719500B3D5C7 /* LaunchScreen.xib */,
				073317EF1AC7719500B3D5C7 /* Supporting Files */,
			);
			path = PerfectPichApp;
			sourceTree = "<group>";
		};
		073317EF1AC7719500B3D5C7 /* Supporting Files */ = {
			isa = PBXGroup;
			children = (
				0743271A1AD1F1B700AF2D54 /* movie_quote.mp3 */,
				073317F01AC7719500B3D5C7 /* Info.plist */,
			);
			name = "Supporting Files";
			sourceTree = "<group>";
		};
		073318041AC7719500B3D5C7 /* PerfectPichAppTests */ = {
			isa = PBXGroup;
			children = (
				073318071AC7719500B3D5C7 /* PerfectPichAppTests.swift */,
				073318051AC7719500B3D5C7 /* Supporting Files */,
			);
			path = PerfectPichAppTests;
			sourceTree = "<group>";
		};
		073318051AC7719500B3D5C7 /* Supporting Files */ = {
			isa = PBXGroup;
			children = (
				073318061AC7719500B3D5C7 /* Info.plist */,
			);
			name = "Supporting Files";
			sourceTree = "<group>";
		};
/* End PBXGroup section */

/* Begin PBXNativeTarget section */
		073317EB1AC7719500B3D5C7 /* PerfectPichApp */ = {
			isa = PBXNativeTarget;
			buildConfigurationList = 0733180B1AC7719500B3D5C7 /* Build configuration list for PBXNativeTarget "PerfectPichApp" */;
			buildPhases = (
				073317E81AC7719500B3D5C7 /* Sources */,
				073317E91AC7719500B3D5C7 /* Frameworks */,
				073317EA1AC7719500B3D5C7 /* Resources */,
			);
			buildRules = (
			);
			dependencies = (
			);
			name = PerfectPichApp;
			productName = PerfectPichApp;
			productReference = 073317EC1AC7719500B3D5C7 /* PerfectPichApp.app */;
			productType = "com.apple.product-type.application";
		};
		073318001AC7719500B3D5C7 /* PerfectPichAppTests */ = {
			isa = PBXNativeTarget;
			buildConfigurationList = 0733180E1AC7719500B3D5C7 /* Build configuration list for PBXNativeTarget "PerfectPichAppTests" */;
			buildPhases = (
				073317FD1AC7719500B3D5C7 /* Sources */,
				073317FE1AC7719500B3D5C7 /* Frameworks */,
				073317FF1AC7719500B3D5C7 /* Resources */,
			);
			buildRules = (
			);
			dependencies = (
				073318031AC7719500B3D5C7 /* PBXTargetDependency */,
			);
			name = PerfectPichAppTests;
			productName = PerfectPichAppTests;
			productReference = 073318011AC7719500B3D5C7 /* PerfectPichAppTests.xctest */;
			productType = "com.apple.product-type.bundle.unit-test";
		};
/* End PBXNativeTarget section */

/* Begin PBXProject section */
		073317E41AC7719500B3D5C7 /* Project object */ = {
			isa = PBXProject;
			attributes = {
				LastUpgradeCheck = 0620;
				ORGANIZATIONNAME = "Omar Azookari";
				TargetAttributes = {
					073317EB1AC7719500B3D5C7 = {
						CreatedOnToolsVersion = 6.2;
					};
					073318001AC7719500B3D5C7 = {
						CreatedOnToolsVersion = 6.2;
						TestTargetID = 073317EB1AC7719500B3D5C7;
					};
				};
			};
			buildConfigurationList = 073317E71AC7719500B3D5C7 /* Build configuration list for PBXProject "PerfectPichApp" */;
			compatibilityVersion = "Xcode 3.2";
			developmentRegion = English;
			hasScannedForEncodings = 0;
			knownRegions = (
				en,
				Base,
			);
			mainGroup = 073317E31AC7719500B3D5C7;
			productRefGroup = 073317ED1AC7719500B3D5C7 /* Products */;
			projectDirPath = "";
			projectRoot = "";
			targets = (
				073317EB1AC7719500B3D5C7 /* PerfectPichApp */,
				073318001AC7719500B3D5C7 /* PerfectPichAppTests */,
			);
		};
/* End PBXProject section */

/* Begin PBXResourcesBuildPhase section */
		073317EA1AC7719500B3D5C7 /* Resources */ = {
			isa = PBXResourcesBuildPhase;
			buildActionMask = 2147483647;
			files = (
				073317F71AC7719500B3D5C7 /* Main.storyboard in Resources */,
				073317FC1AC7719500B3D5C7 /* LaunchScreen.xib in Resources */,
				074327211AD22B8900AF2D54 /* chipmunk@2x~iphone.png in Resources */,
				0743271B1AD1F1B700AF2D54 /* movie_quote.mp3 in Resources */,
				073317F91AC7719500B3D5C7 /* Images.xcassets in Resources */,
			);
			runOnlyForDeploymentPostprocessing = 0;
		};
		073317FF1AC7719500B3D5C7 /* Resources */ = {
			isa = PBXResourcesBuildPhase;
			buildActionMask = 2147483647;
			files = (
			);
			runOnlyForDeploymentPostprocessing = 0;
		};
/* End PBXResourcesBuildPhase section */

/* Begin PBXSourcesBuildPhase section */
		073317E81AC7719500B3D5C7 /* Sources */ = {
			isa = PBXSourcesBuildPhase;
			buildActionMask = 2147483647;
			files = (
				073317F41AC7719500B3D5C7 /* RecordSoundViewController.swift in Sources */,
				074327191AD1E34B00AF2D54 /* PlaySoundViewController.swift in Sources */,
				0743271F1AD222C100AF2D54 /* FileName.swift in Sources */,
				073317F21AC7719500B3D5C7 /* AppDelegate.swift in Sources */,
			);
			runOnlyForDeploymentPostprocessing = 0;
		};
		073317FD1AC7719500B3D5C7 /* Sources */ = {
			isa = PBXSourcesBuildPhase;
			buildActionMask = 2147483647;
			files = (
				073318081AC7719500B3D5C7 /* PerfectPichAppTests.swift in Sources */,
			);
			runOnlyForDeploymentPostprocessing = 0;
		};
/* End PBXSourcesBuildPhase section */

/* Begin PBXTargetDependency section */
		073318031AC7719500B3D5C7 /* PBXTargetDependency */ = {
			isa = PBXTargetDependency;
			target = 073317EB1AC7719500B3D5C7 /* PerfectPichApp */;
			targetProxy = 073318021AC7719500B3D5C7 /* PBXContainerItemProxy */;
		};
/* End PBXTargetDependency section */

/* Begin PBXVariantGroup section */
		073317F51AC7719500B3D5C7 /* Main.storyboard */ = {
			isa = PBXVariantGroup;
			children = (
				073317F61AC7719500B3D5C7 /* Base */,
			);
			name = Main.storyboard;
			sourceTree = "<group>";
		};
		073317FA1AC7719500B3D5C7 /* LaunchScreen.xib */ = {
			isa = PBXVariantGroup;
			children = (
				073317FB1AC7719500B3D5C7 /* Base */,
			);
			name = LaunchScreen.xib;
			sourceTree = "<group>";
		};
/* End PBXVariantGroup section */

/* Begin XCBuildConfiguration section */
		073318091AC7719500B3D5C7 /* Debug */ = {
			isa = XCBuildConfiguration;
			buildSettings = {
				ALWAYS_SEARCH_USER_PATHS = NO;
				CLANG_CXX_LANGUAGE_STANDARD = "gnu++0x";
				CLANG_CXX_LIBRARY = "libc++";
				CLANG_ENABLE_MODULES = YES;
				CLANG_ENABLE_OBJC_ARC = YES;
				CLANG_WARN_BOOL_CONVERSION = YES;
				CLANG_WARN_CONSTANT_CONVERSION = YES;
				CLANG_WARN_DIRECT_OBJC_ISA_USAGE = YES_ERROR;
				CLANG_WARN_EMPTY_BODY = YES;
				CLANG_WARN_ENUM_CONVERSION = YES;
				CLANG_WARN_INT_CONVERSION = YES;
				CLANG_WARN_OBJC_ROOT_CLASS = YES_ERROR;
				CLANG_WARN_UNREACHABLE_CODE = YES;
				CLANG_WARN__DUPLICATE_METHOD_MATCH = YES;
				"CODE_SIGN_IDENTITY[sdk=iphoneos*]" = "iPhone Developer";
				COPY_PHASE_STRIP = NO;
				ENABLE_STRICT_OBJC_MSGSEND = YES;
				GCC_C_LANGUAGE_STANDARD = gnu99;
				GCC_DYNAMIC_NO_PIC = NO;
				GCC_OPTIMIZATION_LEVEL = 0;
				GCC_PREPROCESSOR_DEFINITIONS = (
					"DEBUG=1",
					"$(inherited)",
				);
				GCC_SYMBOLS_PRIVATE_EXTERN = NO;
				GCC_WARN_64_TO_32_BIT_CONVERSION = YES;
				GCC_WARN_ABOUT_RETURN_TYPE = YES_ERROR;
				GCC_WARN_UNDECLARED_SELECTOR = YES;
				GCC_WARN_UNINITIALIZED_AUTOS = YES_AGGRESSIVE;
				GCC_WARN_UNUSED_FUNCTION = YES;
				GCC_WARN_UNUSED_VARIABLE = YES;
				IPHONEOS_DEPLOYMENT_TARGET = 8.2;
				MTL_ENABLE_DEBUG_INFO = YES;
				ONLY_ACTIVE_ARCH = YES;
				SDKROOT = iphoneos;
				SWIFT_OPTIMIZATION_LEVEL = "-Onone";
				TARGETED_DEVICE_FAMILY = "1,2";
			};
			name = Debug;
		};
		0733180A1AC7719500B3D5C7 /* Release */ = {
			isa = XCBuildConfiguration;
			buildSettings = {
				ALWAYS_SEARCH_USER_PATHS = NO;
				CLANG_CXX_LANGUAGE_STANDARD = "gnu++0x";
				CLANG_CXX_LIBRARY = "libc++";
				CLANG_ENABLE_MODULES = YES;
				CLANG_ENABLE_OBJC_ARC = YES;
				CLANG_WARN_BOOL_CONVERSION = YES;
				CLANG_WARN_CONSTANT_CONVERSION = YES;
				CLANG_WARN_DIRECT_OBJC_ISA_USAGE = YES_ERROR;
				CLANG_WARN_EMPTY_BODY = YES;
				CLANG_WARN_ENUM_CONVERSION = YES;
				CLANG_WARN_INT_CONVERSION = YES;
				CLANG_WARN_OBJC_ROOT_CLASS = YES_ERROR;
				CLANG_WARN_UNREACHABLE_CODE = YES;
				CLANG_WARN__DUPLICATE_METHOD_MATCH = YES;
				"CODE_SIGN_IDENTITY[sdk=iphoneos*]" = "iPhone Developer";
				COPY_PHASE_STRIP = NO;
				ENABLE_NS_ASSERTIONS = NO;
				ENABLE_STRICT_OBJC_MSGSEND = YES;
				GCC_C_LANGUAGE_STANDARD = gnu99;
				GCC_WARN_64_TO_32_BIT_CONVERSION = YES;
				GCC_WARN_ABOUT_RETURN_TYPE = YES_ERROR;
				GCC_WARN_UNDECLARED_SELECTOR = YES;
				GCC_WARN_UNINITIALIZED_AUTOS = YES_AGGRESSIVE;
				GCC_WARN_UNUSED_FUNCTION = YES;
				GCC_WARN_UNUSED_VARIABLE = YES;
				IPHONEOS_DEPLOYMENT_TARGET = 8.2;
				MTL_ENABLE_DEBUG_INFO = NO;
				SDKROOT = iphoneos;
				TARGETED_DEVICE_FAMILY = "1,2";
				VALIDATE_PRODUCT = YES;
			};
			name = Release;
		};
		0733180C1AC7719500B3D5C7 /* Debug */ = {
			isa = XCBuildConfiguration;
			buildSettings = {
				ASSETCATALOG_COMPILER_APPICON_NAME = AppIcon;
				INFOPLIST_FILE = PerfectPichApp/Info.plist;
				LD_RUNPATH_SEARCH_PATHS = "$(inherited) @executable_path/Frameworks";
				PRODUCT_NAME = "$(TARGET_NAME)";
			};
			name = Debug;
		};
		0733180D1AC7719500B3D5C7 /* Release */ = {
			isa = XCBuildConfiguration;
			buildSettings = {
				ASSETCATALOG_COMPILER_APPICON_NAME = AppIcon;
				INFOPLIST_FILE = PerfectPichApp/Info.plist;
				LD_RUNPATH_SEARCH_PATHS = "$(inherited) @executable_path/Frameworks";
				PRODUCT_NAME = "$(TARGET_NAME)";
			};
			name = Release;
		};
		0733180F1AC7719500B3D5C7 /* Debug */ = {
			isa = XCBuildConfiguration;
			buildSettings = {
				BUNDLE_LOADER = "$(TEST_HOST)";
				FRAMEWORK_SEARCH_PATHS = (
					"$(SDKROOT)/Developer/Library/Frameworks",
					"$(inherited)",
				);
				GCC_PREPROCESSOR_DEFINITIONS = (
					"DEBUG=1",
					"$(inherited)",
				);
				INFOPLIST_FILE = PerfectPichAppTests/Info.plist;
				LD_RUNPATH_SEARCH_PATHS = "$(inherited) @executable_path/Frameworks @loader_path/Frameworks";
				PRODUCT_NAME = "$(TARGET_NAME)";
				TEST_HOST = "$(BUILT_PRODUCTS_DIR)/PerfectPichApp.app/PerfectPichApp";
			};
			name = Debug;
		};
		073318101AC7719500B3D5C7 /* Release */ = {
			isa = XCBuildConfiguration;
			buildSettings = {
				BUNDLE_LOADER = "$(TEST_HOST)";
				FRAMEWORK_SEARCH_PATHS = (
					"$(SDKROOT)/Developer/Library/Frameworks",
					"$(inherited)",
				);
				INFOPLIST_FILE = PerfectPichAppTests/Info.plist;
				LD_RUNPATH_SEARCH_PATHS = "$(inherited) @executable_path/Frameworks @loader_path/Frameworks";
				PRODUCT_NAME = "$(TARGET_NAME)";
				TEST_HOST = "$(BUILT_PRODUCTS_DIR)/PerfectPichApp.app/PerfectPichApp";
			};
			name = Release;
		};
/* End XCBuildConfiguration section */

/* Begin XCConfigurationList section */
		073317E71AC7719500B3D5C7 /* Build configuration list for PBXProject "PerfectPichApp" */ = {
			isa = XCConfigurationList;
			buildConfigurations = (
				073318091AC7719500B3D5C7 /* Debug */,
				0733180A1AC7719500B3D5C7 /* Release */,
			);
			defaultConfigurationIsVisible = 0;
			defaultConfigurationName = Release;
		};
		0733180B1AC7719500B3D5C7 /* Build configuration list for PBXNativeTarget "PerfectPichApp" */ = {
			isa = XCConfigurationList;
			buildConfigurations = (
				0733180C1AC7719500B3D5C7 /* Debug */,
				0733180D1AC7719500B3D5C7 /* Release */,
			);
			defaultConfigurationIsVisible = 0;
			defaultConfigurationName = Release;
		};
		0733180E1AC7719500B3D5C7 /* Build configuration list for PBXNativeTarget "PerfectPichAppTests" */ = {
			isa = XCConfigurationList;
			buildConfigurations = (
				0733180F1AC7719500B3D5C7 /* Debug */,
				073318101AC7719500B3D5C7 /* Release */,
			);
			defaultConfigurationIsVisible = 0;
			defaultConfigurationName = Release;
		};
/* End XCConfigurationList section */
	};
	rootObject = 073317E41AC7719500B3D5C7 /* Project object */;
}
